
Microsoft Visual Studio Solution File, Format Version 12.00
# Visual Studio Version 16
VisualStudioVersion = 16.0.31702.278
MinimumVisualStudioVersion = 10.0.40219.1
Project("{FAE04EC0-301F-11D3-BF4B-00C04F79EFBC}") = "SimpleCalendar", "SimpleCalendar\SimpleCalendar.csproj", "{CC8B1F77-6C8F-4A71-9F24-4463C2812D4A}"
EndProject
Global
	GlobalSection(SolutionConfigurationPlatforms) = preSolution
		Debug|Any CPU = Debug|Any CPU
		Release|Any CPU = Release|Any CPU
	EndGlobalSection
	GlobalSection(ProjectConfigurationPlatforms) = postSolution
		{CC8B1F77-6C8F-4A71-9F24-4463C2812D4A}.Debug|Any CPU.ActiveCfg = Debug|Any CPU
		{CC8B1F77-6C8F-4A71-9F24-4463C2812D4A}.Debug|Any CPU.Build.0 = Debug|Any CPU
		{CC8B1F77-6C8F-4A71-9F24-4463C2812D4A}.Release|Any CPU.ActiveCfg = Release|Any CPU
		{CC8B1F77-6C8F-4A71-9F24-4463C2812D4A}.Release|Any CPU.Build.0 = Release|Any CPU
	EndGlobalSection
	GlobalSection(SolutionProperties) = preSolution
		HideSolutionNode = FALSE
	EndGlobalSection
	GlobalSection(ExtensibilityGlobals) = postSolution
		SolutionGuid = {CF7129A4-A7C4-4B3A-9492-60ED3C7D1CD2}
	EndGlobalSection
EndGlobal
